
Microsoft Visual Studio Solution File, Format Version 12.00
# Visual Studio Version 17
VisualStudioVersion = 17.3.32819.101
MinimumVisualStudioVersion = 10.0.40219.1
Project("{FAE04EC0-301F-11D3-BF4B-00C04F79EFBC}") = "UnitTest", "UnitTest\UnitTest.csproj", "{A440219D-4A9E-4388-B5B4-5F53DC7C3C2F}"
EndProject
Project("{FAE04EC0-301F-11D3-BF4B-00C04F79EFBC}") = "Dominio", "Dominio\Dominio.csproj", "{9FFE8B56-42AC-4F51-8FCC-8C14E8115211}"
EndProject
Project("{FAE04EC0-301F-11D3-BF4B-00C04F79EFBC}") = "BusinessLogic", "BusinessLogic\BusinessLogic.csproj", "{8E775E06-AE55-4646-9814-2E330884CAD2}"
EndProject
Project("{FAE04EC0-301F-11D3-BF4B-00C04F79EFBC}") = "Repository", "Repository\Repository.csproj", "{5CD6CFDE-D807-480F-A658-52A2D827EAA3}"
EndProject
Project("{FAE04EC0-301F-11D3-BF4B-00C04F79EFBC}") = "GUI", "GUI\GUI.csproj", "{B7D836F4-0D7B-4C13-9714-621331E7512C}"
EndProject
Global
	GlobalSection(SolutionConfigurationPlatforms) = preSolution
		Debug|Any CPU = Debug|Any CPU
		Release|Any CPU = Release|Any CPU
	EndGlobalSection
	GlobalSection(ProjectConfigurationPlatforms) = postSolution
		{A440219D-4A9E-4388-B5B4-5F53DC7C3C2F}.Debug|Any CPU.ActiveCfg = Debug|Any CPU
		{A440219D-4A9E-4388-B5B4-5F53DC7C3C2F}.Debug|Any CPU.Build.0 = Debug|Any CPU
		{A440219D-4A9E-4388-B5B4-5F53DC7C3C2F}.Release|Any CPU.ActiveCfg = Release|Any CPU
		{A440219D-4A9E-4388-B5B4-5F53DC7C3C2F}.Release|Any CPU.Build.0 = Release|Any CPU
		{9FFE8B56-42AC-4F51-8FCC-8C14E8115211}.Debug|Any CPU.ActiveCfg = Debug|Any CPU
		{9FFE8B56-42AC-4F51-8FCC-8C14E8115211}.Debug|Any CPU.Build.0 = Debug|Any CPU
		{9FFE8B56-42AC-4F51-8FCC-8C14E8115211}.Release|Any CPU.ActiveCfg = Release|Any CPU
		{9FFE8B56-42AC-4F51-8FCC-8C14E8115211}.Release|Any CPU.Build.0 = Release|Any CPU
		{8E775E06-AE55-4646-9814-2E330884CAD2}.Debug|Any CPU.ActiveCfg = Debug|Any CPU
		{8E775E06-AE55-4646-9814-2E330884CAD2}.Debug|Any CPU.Build.0 = Debug|Any CPU
		{8E775E06-AE55-4646-9814-2E330884CAD2}.Release|Any CPU.ActiveCfg = Release|Any CPU
		{8E775E06-AE55-4646-9814-2E330884CAD2}.Release|Any CPU.Build.0 = Release|Any CPU
		{5CD6CFDE-D807-480F-A658-52A2D827EAA3}.Debug|Any CPU.ActiveCfg = Debug|Any CPU
		{5CD6CFDE-D807-480F-A658-52A2D827EAA3}.Debug|Any CPU.Build.0 = Debug|Any CPU
		{5CD6CFDE-D807-480F-A658-52A2D827EAA3}.Release|Any CPU.ActiveCfg = Release|Any CPU
		{5CD6CFDE-D807-480F-A658-52A2D827EAA3}.Release|Any CPU.Build.0 = Release|Any CPU
		{B7D836F4-0D7B-4C13-9714-621331E7512C}.Debug|Any CPU.ActiveCfg = Debug|Any CPU
		{B7D836F4-0D7B-4C13-9714-621331E7512C}.Debug|Any CPU.Build.0 = Debug|Any CPU
		{B7D836F4-0D7B-4C13-9714-621331E7512C}.Release|Any CPU.ActiveCfg = Release|Any CPU
		{B7D836F4-0D7B-4C13-9714-621331E7512C}.Release|Any CPU.Build.0 = Release|Any CPU
	EndGlobalSection
	GlobalSection(SolutionProperties) = preSolution
		HideSolutionNode = FALSE
	EndGlobalSection
	GlobalSection(ExtensibilityGlobals) = postSolution
		SolutionGuid = {DF0A8721-7032-4B0A-B9EB-82F643C24C37}
	EndGlobalSection
EndGlobal
